
Microsoft Visual Studio Solution File, Format Version 12.00
# Visual Studio 15
VisualStudioVersion = 15.0.27703.2000
MinimumVisualStudioVersion = 10.0.40219.1
Project("{FAE04EC0-301F-11D3-BF4B-00C04F79EFBC}") = "Graduaciones.Presentacion", "Graduaciones.Presentacion\Graduaciones.Presentacion.csproj", "{F2D389E2-F89A-4B7B-A1EC-7FE406B4D481}"
EndProject
Project("{FAE04EC0-301F-11D3-BF4B-00C04F79EFBC}") = "Graduaciones.Negocio", "Graduaciones.Negocio\Graduaciones.Negocio.csproj", "{F9F9D46E-5C71-40DC-B2FA-EF4282ED9B21}"
EndProject
Project("{FAE04EC0-301F-11D3-BF4B-00C04F79EFBC}") = "Graduaciones.Datos", "Graduaciones.Datos\Graduaciones.Datos.csproj", "{834C2EE3-3D9E-4855-9A77-E021769130CA}"
EndProject
Project("{FAE04EC0-301F-11D3-BF4B-00C04F79EFBC}") = "Graduaciones.Entidades", "Graduaciones.Entidades\Graduaciones.Entidades.csproj", "{B2EFAB63-2ECF-4962-B240-10CAE8580FBF}"
EndProject
Global
	GlobalSection(SolutionConfigurationPlatforms) = preSolution
		Debug|Any CPU = Debug|Any CPU
		Release|Any CPU = Release|Any CPU
	EndGlobalSection
	GlobalSection(ProjectConfigurationPlatforms) = postSolution
		{F2D389E2-F89A-4B7B-A1EC-7FE406B4D481}.Debug|Any CPU.ActiveCfg = Debug|Any CPU
		{F2D389E2-F89A-4B7B-A1EC-7FE406B4D481}.Debug|Any CPU.Build.0 = Debug|Any CPU
		{F2D389E2-F89A-4B7B-A1EC-7FE406B4D481}.Release|Any CPU.ActiveCfg = Release|Any CPU
		{F2D389E2-F89A-4B7B-A1EC-7FE406B4D481}.Release|Any CPU.Build.0 = Release|Any CPU
		{F9F9D46E-5C71-40DC-B2FA-EF4282ED9B21}.Debug|Any CPU.ActiveCfg = Debug|Any CPU
		{F9F9D46E-5C71-40DC-B2FA-EF4282ED9B21}.Debug|Any CPU.Build.0 = Debug|Any CPU
		{F9F9D46E-5C71-40DC-B2FA-EF4282ED9B21}.Release|Any CPU.ActiveCfg = Release|Any CPU
		{F9F9D46E-5C71-40DC-B2FA-EF4282ED9B21}.Release|Any CPU.Build.0 = Release|Any CPU
		{834C2EE3-3D9E-4855-9A77-E021769130CA}.Debug|Any CPU.ActiveCfg = Debug|Any CPU
		{834C2EE3-3D9E-4855-9A77-E021769130CA}.Debug|Any CPU.Build.0 = Debug|Any CPU
		{834C2EE3-3D9E-4855-9A77-E021769130CA}.Release|Any CPU.ActiveCfg = Release|Any CPU
		{834C2EE3-3D9E-4855-9A77-E021769130CA}.Release|Any CPU.Build.0 = Release|Any CPU
		{B2EFAB63-2ECF-4962-B240-10CAE8580FBF}.Debug|Any CPU.ActiveCfg = Debug|Any CPU
		{B2EFAB63-2ECF-4962-B240-10CAE8580FBF}.Debug|Any CPU.Build.0 = Debug|Any CPU
		{B2EFAB63-2ECF-4962-B240-10CAE8580FBF}.Release|Any CPU.ActiveCfg = Release|Any CPU
		{B2EFAB63-2ECF-4962-B240-10CAE8580FBF}.Release|Any CPU.Build.0 = Release|Any CPU
	EndGlobalSection
	GlobalSection(SolutionProperties) = preSolution
		HideSolutionNode = FALSE
	EndGlobalSection
	GlobalSection(ExtensibilityGlobals) = postSolution
		SolutionGuid = {D8698BC6-BA5E-4A61-B43B-DA2FFA7AF9ED}
	EndGlobalSection
EndGlobal
